# This file is automatically @generated by Cargo.
# It is not intended for manual editing.
[[package]]
name = "game"
version = "0.1.0"

[[package]]
name = "interface"
version = "0.1.0"

[[package]]
name = "nanorand"
version = "0.5.2"
source = "registry+https://github.com/rust-lang/crates.io-index"
checksum = "ac1378b66f7c93a1c0f8464a19bf47df8795083842e5090f4b7305973d5a22d0"

[[package]]
name = "system_emulator"
version = "0.1.0"
dependencies = [
 "nanorand",
]
